// !$*UTF8*$!
{
	archiveVersion = 1;
	classes = {
	};
	objectVersion = 56;
	objects = {

/* Begin PBXBuildFile section */
		752ADF9D2A41717D004260FC /* AppDelegate.m in Sources */ = {isa = PBXBuildFile; fileRef = 752ADF9C2A41717D004260FC /* AppDelegate.m */; };
		752ADFA32A41717D004260FC /* ViewController.m in Sources */ = {isa = PBXBuildFile; fileRef = 752ADFA22A41717D004260FC /* ViewController.m */; };
		752ADFA82A41717E004260FC /* Assets.xcassets in Resources */ = {isa = PBXBuildFile; fileRef = 752ADFA72A41717E004260FC /* Assets.xcassets */; };
		752ADFAB2A41717E004260FC /* LaunchScreen.storyboard in Resources */ = {isa = PBXBuildFile; fileRef = 752ADFA92A41717E004260FC /* LaunchScreen.storyboard */; };
		752ADFAE2A41717E004260FC /* main.m in Sources */ = {isa = PBXBuildFile; fileRef = 752ADFAD2A41717E004260FC /* main.m */; };
		752ADFCD2A4172B3004260FC /* LoginViewController.m in Sources */ = {isa = PBXBuildFile; fileRef = 752ADFCC2A4172B3004260FC /* LoginViewController.m */; };
		752ADFDA2A49B157004260FC /* MainViewController.m in Sources */ = {isa = PBXBuildFile; fileRef = 752ADFD92A49B157004260FC /* MainViewController.m */; };
		752ADFDD2A49B171004260FC /* FriendViewController.m in Sources */ = {isa = PBXBuildFile; fileRef = 752ADFDC2A49B171004260FC /* FriendViewController.m */; };
		752ADFE02A49B6A8004260FC /* FriendCircleViewController.m in Sources */ = {isa = PBXBuildFile; fileRef = 752ADFDF2A49B6A8004260FC /* FriendCircleViewController.m */; };
		75AFF83A2A568E1600BFF9F6 /* MessageTableViewCell.m in Sources */ = {isa = PBXBuildFile; fileRef = 75AFF8392A568E1600BFF9F6 /* MessageTableViewCell.m */; };
		75AFF83D2A584E0E00BFF9F6 /* MessageModel.m in Sources */ = {isa = PBXBuildFile; fileRef = 75AFF83C2A584E0E00BFF9F6 /* MessageModel.m */; };
		75DA83182A59717200938DBF /* Avatar.m in Sources */ = {isa = PBXBuildFile; fileRef = 75DA83172A59717200938DBF /* Avatar.m */; };
		75DA831B2A598B9B00938DBF /* FriendModel.m in Sources */ = {isa = PBXBuildFile; fileRef = 75DA831A2A598B9B00938DBF /* FriendModel.m */; };
		75DA831F2A59A09C00938DBF /* SessionManager.m in Sources */ = {isa = PBXBuildFile; fileRef = 75DA831E2A59A09C00938DBF /* SessionManager.m */; };
		75DA83222A59BDDC00938DBF /* AddViewController.m in Sources */ = {isa = PBXBuildFile; fileRef = 75DA83212A59BDDC00938DBF /* AddViewController.m */; };
		DB8FC43F667AE22CFB63E513 /* Pods_Lark_Wechat.framework in Frameworks */ = {isa = PBXBuildFile; fileRef = 913359DD7C19196941717389 /* Pods_Lark_Wechat.framework */; };
/* End PBXBuildFile section */

/* Begin PBXFileReference section */
		752ADF982A41717D004260FC /* Lark-Wechat.app */ = {isa = PBXFileReference; explicitFileType = wrapper.application; includeInIndex = 0; path = "Lark-Wechat.app"; sourceTree = BUILT_PRODUCTS_DIR; };
		752ADF9B2A41717D004260FC /* AppDelegate.h */ = {isa = PBXFileReference; lastKnownFileType = sourcecode.c.h; path = AppDelegate.h; sourceTree = "<group>"; };
		752ADF9C2A41717D004260FC /* AppDelegate.m */ = {isa = PBXFileReference; lastKnownFileType = sourcecode.c.objc; path = AppDelegate.m; sourceTree = "<group>"; };
		752ADFA12A41717D004260FC /* ViewController.h */ = {isa = PBXFileReference; lastKnownFileType = sourcecode.c.h; path = ViewController.h; sourceTree = "<group>"; };
		752ADFA22A41717D004260FC /* ViewController.m */ = {isa = PBXFileReference; lastKnownFileType = sourcecode.c.objc; path = ViewController.m; sourceTree = "<group>"; };
		752ADFA72A41717E004260FC /* Assets.xcassets */ = {isa = PBXFileReference; lastKnownFileType = folder.assetcatalog; path = Assets.xcassets; sourceTree = "<group>"; };
		752ADFAA2A41717E004260FC /* Base */ = {isa = PBXFileReference; lastKnownFileType = file.storyboard; name = Base; path = Base.lproj/LaunchScreen.storyboard; sourceTree = "<group>"; };
		752ADFAC2A41717E004260FC /* Info.plist */ = {isa = PBXFileReference; lastKnownFileType = text.plist.xml; path = Info.plist; sourceTree = "<group>"; };
		752ADFAD2A41717E004260FC /* main.m */ = {isa = PBXFileReference; lastKnownFileType = sourcecode.c.objc; path = main.m; sourceTree = "<group>"; };
		752ADFCB2A4172B3004260FC /* LoginViewController.h */ = {isa = PBXFileReference; fileEncoding = 4; lastKnownFileType = sourcecode.c.h; path = LoginViewController.h; sourceTree = "<group>"; };
		752ADFCC2A4172B3004260FC /* LoginViewController.m */ = {isa = PBXFileReference; fileEncoding = 4; lastKnownFileType = sourcecode.c.objc; path = LoginViewController.m; sourceTree = "<group>"; };
		752ADFD82A49B157004260FC /* MainViewController.h */ = {isa = PBXFileReference; lastKnownFileType = sourcecode.c.h; path = MainViewController.h; sourceTree = "<group>"; };
		752ADFD92A49B157004260FC /* MainViewController.m */ = {isa = PBXFileReference; lastKnownFileType = sourcecode.c.objc; path = MainViewController.m; sourceTree = "<group>"; };
		752ADFDB2A49B171004260FC /* FriendViewController.h */ = {isa = PBXFileReference; lastKnownFileType = sourcecode.c.h; path = FriendViewController.h; sourceTree = "<group>"; };
		752ADFDC2A49B171004260FC /* FriendViewController.m */ = {isa = PBXFileReference; lastKnownFileType = sourcecode.c.objc; path = FriendViewController.m; sourceTree = "<group>"; };
		752ADFDE2A49B6A8004260FC /* FriendCircleViewController.h */ = {isa = PBXFileReference; lastKnownFileType = sourcecode.c.h; path = FriendCircleViewController.h; sourceTree = "<group>"; };
		752ADFDF2A49B6A8004260FC /* FriendCircleViewController.m */ = {isa = PBXFileReference; lastKnownFileType = sourcecode.c.objc; path = FriendCircleViewController.m; sourceTree = "<group>"; };
		75AFF8382A568E1600BFF9F6 /* MessageTableViewCell.h */ = {isa = PBXFileReference; lastKnownFileType = sourcecode.c.h; path = MessageTableViewCell.h; sourceTree = "<group>"; };
		75AFF8392A568E1600BFF9F6 /* MessageTableViewCell.m */ = {isa = PBXFileReference; lastKnownFileType = sourcecode.c.objc; path = MessageTableViewCell.m; sourceTree = "<group>"; };
		75AFF83B2A584E0E00BFF9F6 /* MessageModel.h */ = {isa = PBXFileReference; lastKnownFileType = sourcecode.c.h; path = MessageModel.h; sourceTree = "<group>"; };
		75AFF83C2A584E0E00BFF9F6 /* MessageModel.m */ = {isa = PBXFileReference; lastKnownFileType = sourcecode.c.objc; path = MessageModel.m; sourceTree = "<group>"; };
		75DA83162A59717200938DBF /* Avatar.h */ = {isa = PBXFileReference; lastKnownFileType = sourcecode.c.h; path = Avatar.h; sourceTree = "<group>"; };
		75DA83172A59717200938DBF /* Avatar.m */ = {isa = PBXFileReference; lastKnownFileType = sourcecode.c.objc; path = Avatar.m; sourceTree = "<group>"; };
		75DA83192A598B9B00938DBF /* FriendModel.h */ = {isa = PBXFileReference; lastKnownFileType = sourcecode.c.h; path = FriendModel.h; sourceTree = "<group>"; };
		75DA831A2A598B9B00938DBF /* FriendModel.m */ = {isa = PBXFileReference; lastKnownFileType = sourcecode.c.objc; path = FriendModel.m; sourceTree = "<group>"; };
		75DA831D2A59A09C00938DBF /* SessionManager.h */ = {isa = PBXFileReference; lastKnownFileType = sourcecode.c.h; path = SessionManager.h; sourceTree = "<group>"; };
		75DA831E2A59A09C00938DBF /* SessionManager.m */ = {isa = PBXFileReference; lastKnownFileType = sourcecode.c.objc; path = SessionManager.m; sourceTree = "<group>"; };
		75DA83202A59BDDC00938DBF /* AddViewController.h */ = {isa = PBXFileReference; lastKnownFileType = sourcecode.c.h; path = AddViewController.h; sourceTree = "<group>"; };
		75DA83212A59BDDC00938DBF /* AddViewController.m */ = {isa = PBXFileReference; lastKnownFileType = sourcecode.c.objc; path = AddViewController.m; sourceTree = "<group>"; };
		913359DD7C19196941717389 /* Pods_Lark_Wechat.framework */ = {isa = PBXFileReference; explicitFileType = wrapper.framework; includeInIndex = 0; path = Pods_Lark_Wechat.framework; sourceTree = BUILT_PRODUCTS_DIR; };
		C14704EF2ECD27CB18D338E0 /* Pods-Lark-Wechat.release.xcconfig */ = {isa = PBXFileReference; includeInIndex = 1; lastKnownFileType = text.xcconfig; name = "Pods-Lark-Wechat.release.xcconfig"; path = "Target Support Files/Pods-Lark-Wechat/Pods-Lark-Wechat.release.xcconfig"; sourceTree = "<group>"; };
		E826C5E847E4A1E6E01AE0F8 /* Pods-Lark-Wechat.debug.xcconfig */ = {isa = PBXFileReference; includeInIndex = 1; lastKnownFileType = text.xcconfig; name = "Pods-Lark-Wechat.debug.xcconfig"; path = "Target Support Files/Pods-Lark-Wechat/Pods-Lark-Wechat.debug.xcconfig"; sourceTree = "<group>"; };
/* End PBXFileReference section */

/* Begin PBXFrameworksBuildPhase section */
		752ADF952A41717D004260FC /* Frameworks */ = {
			isa = PBXFrameworksBuildPhase;
			buildActionMask = 2147483647;
			files = (
				DB8FC43F667AE22CFB63E513 /* Pods_Lark_Wechat.framework in Frameworks */,
			);
			runOnlyForDeploymentPostprocessing = 0;
		};
/* End PBXFrameworksBuildPhase section */

/* Begin PBXGroup section */
		452AAEB0BF62981AC57FABF8 /* Frameworks */ = {
			isa = PBXGroup;
			children = (
				913359DD7C19196941717389 /* Pods_Lark_Wechat.framework */,
			);
			name = Frameworks;
			sourceTree = "<group>";
		};
		752ADF8F2A41717C004260FC = {
			isa = PBXGroup;
			children = (
				752ADF9A2A41717D004260FC /* Lark-Wechat */,
				752ADF992A41717D004260FC /* Products */,
				9F03337740BEF543A30DEDCF /* Pods */,
				452AAEB0BF62981AC57FABF8 /* Frameworks */,
			);
			sourceTree = "<group>";
		};
		752ADF992A41717D004260FC /* Products */ = {
			isa = PBXGroup;
			children = (
				752ADF982A41717D004260FC /* Lark-Wechat.app */,
			);
			name = Products;
			sourceTree = "<group>";
		};
		752ADF9A2A41717D004260FC /* Lark-Wechat */ = {
			isa = PBXGroup;
			children = (
				752ADF9B2A41717D004260FC /* AppDelegate.h */,
				752ADF9C2A41717D004260FC /* AppDelegate.m */,
				752ADFA12A41717D004260FC /* ViewController.h */,
				752ADFA22A41717D004260FC /* ViewController.m */,
				752ADFA72A41717E004260FC /* Assets.xcassets */,
				752ADFA92A41717E004260FC /* LaunchScreen.storyboard */,
				752ADFAC2A41717E004260FC /* Info.plist */,
				752ADFAD2A41717E004260FC /* main.m */,
				75DA83162A59717200938DBF /* Avatar.h */,
				75DA83172A59717200938DBF /* Avatar.m */,
				75DA831C2A59A05300938DBF /* SM */,
				75AFF8362A53C79800BFF9F6 /* Model */,
				75AFF8372A53C7A900BFF9F6 /* View */,
				752ADFCA2A417291004260FC /* VC */,
			);
			path = "Lark-Wechat";
			sourceTree = "<group>";
		};
		752ADFCA2A417291004260FC /* VC */ = {
			isa = PBXGroup;
			children = (
				752ADFCB2A4172B3004260FC /* LoginViewController.h */,
				752ADFCC2A4172B3004260FC /* LoginViewController.m */,
				752ADFD82A49B157004260FC /* MainViewController.h */,
				752ADFD92A49B157004260FC /* MainViewController.m */,
				752ADFDB2A49B171004260FC /* FriendViewController.h */,
				752ADFDC2A49B171004260FC /* FriendViewController.m */,
				75DA83202A59BDDC00938DBF /* AddViewController.h */,
				75DA83212A59BDDC00938DBF /* AddViewController.m */,
				752ADFDE2A49B6A8004260FC /* FriendCircleViewController.h */,
				752ADFDF2A49B6A8004260FC /* FriendCircleViewController.m */,
			);
			path = VC;
			sourceTree = "<group>";
		};
		75AFF8362A53C79800BFF9F6 /* Model */ = {
			isa = PBXGroup;
			children = (
				75AFF83B2A584E0E00BFF9F6 /* MessageModel.h */,
				75AFF83C2A584E0E00BFF9F6 /* MessageModel.m */,
				75DA83192A598B9B00938DBF /* FriendModel.h */,
				75DA831A2A598B9B00938DBF /* FriendModel.m */,
			);
			path = Model;
			sourceTree = "<group>";
		};
		75AFF8372A53C7A900BFF9F6 /* View */ = {
			isa = PBXGroup;
			children = (
				75AFF8382A568E1600BFF9F6 /* MessageTableViewCell.h */,
				75AFF8392A568E1600BFF9F6 /* MessageTableViewCell.m */,
			);
			path = View;
			sourceTree = "<group>";
		};
		75DA831C2A59A05300938DBF /* SM */ = {
			isa = PBXGroup;
			children = (
				75DA831D2A59A09C00938DBF /* SessionManager.h */,
				75DA831E2A59A09C00938DBF /* SessionManager.m */,
			);
			path = SM;
			sourceTree = "<group>";
		};
		9F03337740BEF543A30DEDCF /* Pods */ = {
			isa = PBXGroup;
			children = (
				E826C5E847E4A1E6E01AE0F8 /* Pods-Lark-Wechat.debug.xcconfig */,
				C14704EF2ECD27CB18D338E0 /* Pods-Lark-Wechat.release.xcconfig */,
			);
			path = Pods;
			sourceTree = "<group>";
		};
/* End PBXGroup section */

/* Begin PBXNativeTarget section */
		752ADF972A41717D004260FC /* Lark-Wechat */ = {
			isa = PBXNativeTarget;
			buildConfigurationList = 752ADFB12A41717E004260FC /* Build configuration list for PBXNativeTarget "Lark-Wechat" */;
			buildPhases = (
				2F6B2DBA9A0EDE6CCC04EB9B /* [CP] Check Pods Manifest.lock */,
				752ADF942A41717D004260FC /* Sources */,
				752ADF952A41717D004260FC /* Frameworks */,
				752ADF962A41717D004260FC /* Resources */,
				CC879CAC171F16D9B20E3168 /* [CP] Embed Pods Frameworks */,
			);
			buildRules = (
			);
			dependencies = (
			);
			name = "Lark-Wechat";
			productName = "Lark-Wechat";
			productReference = 752ADF982A41717D004260FC /* Lark-Wechat.app */;
			productType = "com.apple.product-type.application";
		};
/* End PBXNativeTarget section */

/* Begin PBXProject section */
		752ADF902A41717C004260FC /* Project object */ = {
			isa = PBXProject;
			attributes = {
				BuildIndependentTargetsInParallel = 1;
				LastUpgradeCheck = 1430;
				TargetAttributes = {
					752ADF972A41717D004260FC = {
						CreatedOnToolsVersion = 14.3.1;
					};
				};
			};
			buildConfigurationList = 752ADF932A41717C004260FC /* Build configuration list for PBXProject "Lark-Wechat" */;
			compatibilityVersion = "Xcode 14.0";
			developmentRegion = en;
			hasScannedForEncodings = 0;
			knownRegions = (
				en,
				Base,
			);
			mainGroup = 752ADF8F2A41717C004260FC;
			productRefGroup = 752ADF992A41717D004260FC /* Products */;
			projectDirPath = "";
			projectRoot = "";
			targets = (
				752ADF972A41717D004260FC /* Lark-Wechat */,
			);
		};
/* End PBXProject section */

/* Begin PBXResourcesBuildPhase section */
		752ADF962A41717D004260FC /* Resources */ = {
			isa = PBXResourcesBuildPhase;
			buildActionMask = 2147483647;
			files = (
				752ADFAB2A41717E004260FC /* LaunchScreen.storyboard in Resources */,
				752ADFA82A41717E004260FC /* Assets.xcassets in Resources */,
			);
			runOnlyForDeploymentPostprocessing = 0;
		};
/* End PBXResourcesBuildPhase section */

/* Begin PBXShellScriptBuildPhase section */
		2F6B2DBA9A0EDE6CCC04EB9B /* [CP] Check Pods Manifest.lock */ = {
			isa = PBXShellScriptBuildPhase;
			buildActionMask = 2147483647;
			files = (
			);
			inputFileListPaths = (
			);
			inputPaths = (
				"${PODS_PODFILE_DIR_PATH}/Podfile.lock",
				"${PODS_ROOT}/Manifest.lock",
			);
			name = "[CP] Check Pods Manifest.lock";
			outputFileListPaths = (
			);
			outputPaths = (
				"$(DERIVED_FILE_DIR)/Pods-Lark-Wechat-checkManifestLockResult.txt",
			);
			runOnlyForDeploymentPostprocessing = 0;
			shellPath = /bin/sh;
			shellScript = "diff \"${PODS_PODFILE_DIR_PATH}/Podfile.lock\" \"${PODS_ROOT}/Manifest.lock\" > /dev/null\nif [ $? != 0 ] ; then\n    # print error to STDERR\n    echo \"error: The sandbox is not in sync with the Podfile.lock. Run 'pod install' or update your CocoaPods installation.\" >&2\n    exit 1\nfi\n# This output is used by Xcode 'outputs' to avoid re-running this script phase.\necho \"SUCCESS\" > \"${SCRIPT_OUTPUT_FILE_0}\"\n";
			showEnvVarsInLog = 0;
		};
		CC879CAC171F16D9B20E3168 /* [CP] Embed Pods Frameworks */ = {
			isa = PBXShellScriptBuildPhase;
			buildActionMask = 2147483647;
			files = (
			);
			inputFileListPaths = (
				"${PODS_ROOT}/Target Support Files/Pods-Lark-Wechat/Pods-Lark-Wechat-frameworks-${CONFIGURATION}-input-files.xcfilelist",
			);
			name = "[CP] Embed Pods Frameworks";
			outputFileListPaths = (
				"${PODS_ROOT}/Target Support Files/Pods-Lark-Wechat/Pods-Lark-Wechat-frameworks-${CONFIGURATION}-output-files.xcfilelist",
			);
			runOnlyForDeploymentPostprocessing = 0;
			shellPath = /bin/sh;
			shellScript = "\"${PODS_ROOT}/Target Support Files/Pods-Lark-Wechat/Pods-Lark-Wechat-frameworks.sh\"\n";
			showEnvVarsInLog = 0;
		};
/* End PBXShellScriptBuildPhase section */

/* Begin PBXSourcesBuildPhase section */
		752ADF942A41717D004260FC /* Sources */ = {
			isa = PBXSourcesBuildPhase;
			buildActionMask = 2147483647;
			files = (
				75DA83182A59717200938DBF /* Avatar.m in Sources */,
				752ADFCD2A4172B3004260FC /* LoginViewController.m in Sources */,
				75AFF83A2A568E1600BFF9F6 /* MessageTableViewCell.m in Sources */,
				75AFF83D2A584E0E00BFF9F6 /* MessageModel.m in Sources */,
				752ADFE02A49B6A8004260FC /* FriendCircleViewController.m in Sources */,
				752ADFA32A41717D004260FC /* ViewController.m in Sources */,
				75DA831F2A59A09C00938DBF /* SessionManager.m in Sources */,
				752ADF9D2A41717D004260FC /* AppDelegate.m in Sources */,
				752ADFDA2A49B157004260FC /* MainViewController.m in Sources */,
				752ADFDD2A49B171004260FC /* FriendViewController.m in Sources */,
				75DA83222A59BDDC00938DBF /* AddViewController.m in Sources */,
				752ADFAE2A41717E004260FC /* main.m in Sources */,
				75DA831B2A598B9B00938DBF /* FriendModel.m in Sources */,
			);
			runOnlyForDeploymentPostprocessing = 0;
		};
/* End PBXSourcesBuildPhase section */

/* Begin PBXVariantGroup section */
		752ADFA92A41717E004260FC /* LaunchScreen.storyboard */ = {
			isa = PBXVariantGroup;
			children = (
				752ADFAA2A41717E004260FC /* Base */,
			);
			name = LaunchScreen.storyboard;
			sourceTree = "<group>";
		};
/* End PBXVariantGroup section */

/* Begin XCBuildConfiguration section */
		752ADFAF2A41717E004260FC /* Debug */ = {
			isa = XCBuildConfiguration;
			buildSettings = {
				ALWAYS_SEARCH_USER_PATHS = NO;
				CLANG_ANALYZER_NONNULL = YES;
				CLANG_ANALYZER_NUMBER_OBJECT_CONVERSION = YES_AGGRESSIVE;
				CLANG_CXX_LANGUAGE_STANDARD = "gnu++20";
				CLANG_ENABLE_MODULES = YES;
				CLANG_ENABLE_OBJC_ARC = YES;
				CLANG_ENABLE_OBJC_WEAK = YES;
				CLANG_WARN_BLOCK_CAPTURE_AUTORELEASING = YES;
				CLANG_WARN_BOOL_CONVERSION = YES;
				CLANG_WARN_COMMA = YES;
				CLANG_WARN_CONSTANT_CONVERSION = YES;
				CLANG_WARN_DEPRECATED_OBJC_IMPLEMENTATIONS = YES;
				CLANG_WARN_DIRECT_OBJC_ISA_USAGE = YES_ERROR;
				CLANG_WARN_DOCUMENTATION_COMMENTS = YES;
				CLANG_WARN_EMPTY_BODY = YES;
				CLANG_WARN_ENUM_CONVERSION = YES;
				CLANG_WARN_INFINITE_RECURSION = YES;
				CLANG_WARN_INT_CONVERSION = YES;
				CLANG_WARN_NON_LITERAL_NULL_CONVERSION = YES;
				CLANG_WARN_OBJC_IMPLICIT_RETAIN_SELF = YES;
				CLANG_WARN_OBJC_LITERAL_CONVERSION = YES;
				CLANG_WARN_OBJC_ROOT_CLASS = YES_ERROR;
				CLANG_WARN_QUOTED_INCLUDE_IN_FRAMEWORK_HEADER = YES;
				CLANG_WARN_RANGE_LOOP_ANALYSIS = YES;
				CLANG_WARN_STRICT_PROTOTYPES = YES;
				CLANG_WARN_SUSPICIOUS_MOVE = YES;
				CLANG_WARN_UNGUARDED_AVAILABILITY = YES_AGGRESSIVE;
				CLANG_WARN_UNREACHABLE_CODE = YES;
				CLANG_WARN__DUPLICATE_METHOD_MATCH = YES;
				COPY_PHASE_STRIP = NO;
				DEBUG_INFORMATION_FORMAT = dwarf;
				ENABLE_STRICT_OBJC_MSGSEND = YES;
				ENABLE_TESTABILITY = YES;
				GCC_C_LANGUAGE_STANDARD = gnu11;
				GCC_DYNAMIC_NO_PIC = NO;
				GCC_NO_COMMON_BLOCKS = YES;
				GCC_OPTIMIZATION_LEVEL = 0;
				GCC_PREPROCESSOR_DEFINITIONS = (
					"DEBUG=1",
					"$(inherited)",
				);
				GCC_WARN_64_TO_32_BIT_CONVERSION = YES;
				GCC_WARN_ABOUT_RETURN_TYPE = YES_ERROR;
				GCC_WARN_UNDECLARED_SELECTOR = YES;
				GCC_WARN_UNINITIALIZED_AUTOS = YES_AGGRESSIVE;
				GCC_WARN_UNUSED_FUNCTION = YES;
				GCC_WARN_UNUSED_VARIABLE = YES;
				IPHONEOS_DEPLOYMENT_TARGET = 16.4;
				MTL_ENABLE_DEBUG_INFO = INCLUDE_SOURCE;
				MTL_FAST_MATH = YES;
				ONLY_ACTIVE_ARCH = YES;
				SDKROOT = iphoneos;
			};
			name = Debug;
		};
		752ADFB02A41717E004260FC /* Release */ = {
			isa = XCBuildConfiguration;
			buildSettings = {
				ALWAYS_SEARCH_USER_PATHS = NO;
				CLANG_ANALYZER_NONNULL = YES;
				CLANG_ANALYZER_NUMBER_OBJECT_CONVERSION = YES_AGGRESSIVE;
				CLANG_CXX_LANGUAGE_STANDARD = "gnu++20";
				CLANG_ENABLE_MODULES = YES;
				CLANG_ENABLE_OBJC_ARC = YES;
				CLANG_ENABLE_OBJC_WEAK = YES;
				CLANG_WARN_BLOCK_CAPTURE_AUTORELEASING = YES;
				CLANG_WARN_BOOL_CONVERSION = YES;
				CLANG_WARN_COMMA = YES;
				CLANG_WARN_CONSTANT_CONVERSION = YES;
				CLANG_WARN_DEPRECATED_OBJC_IMPLEMENTATIONS = YES;
				CLANG_WARN_DIRECT_OBJC_ISA_USAGE = YES_ERROR;
				CLANG_WARN_DOCUMENTATION_COMMENTS = YES;
				CLANG_WARN_EMPTY_BODY = YES;
				CLANG_WARN_ENUM_CONVERSION = YES;
				CLANG_WARN_INFINITE_RECURSION = YES;
				CLANG_WARN_INT_CONVERSION = YES;
				CLANG_WARN_NON_LITERAL_NULL_CONVERSION = YES;
				CLANG_WARN_OBJC_IMPLICIT_RETAIN_SELF = YES;
				CLANG_WARN_OBJC_LITERAL_CONVERSION = YES;
				CLANG_WARN_OBJC_ROOT_CLASS = YES_ERROR;
				CLANG_WARN_QUOTED_INCLUDE_IN_FRAMEWORK_HEADER = YES;
				CLANG_WARN_RANGE_LOOP_ANALYSIS = YES;
				CLANG_WARN_STRICT_PROTOTYPES = YES;
				CLANG_WARN_SUSPICIOUS_MOVE = YES;
				CLANG_WARN_UNGUARDED_AVAILABILITY = YES_AGGRESSIVE;
				CLANG_WARN_UNREACHABLE_CODE = YES;
				CLANG_WARN__DUPLICATE_METHOD_MATCH = YES;
				COPY_PHASE_STRIP = NO;
				DEBUG_INFORMATION_FORMAT = "dwarf-with-dsym";
				ENABLE_NS_ASSERTIONS = NO;
				ENABLE_STRICT_OBJC_MSGSEND = YES;
				GCC_C_LANGUAGE_STANDARD = gnu11;
				GCC_NO_COMMON_BLOCKS = YES;
				GCC_WARN_64_TO_32_BIT_CONVERSION = YES;
				GCC_WARN_ABOUT_RETURN_TYPE = YES_ERROR;
				GCC_WARN_UNDECLARED_SELECTOR = YES;
				GCC_WARN_UNINITIALIZED_AUTOS = YES_AGGRESSIVE;
				GCC_WARN_UNUSED_FUNCTION = YES;
				GCC_WARN_UNUSED_VARIABLE = YES;
				IPHONEOS_DEPLOYMENT_TARGET = 16.4;
				MTL_ENABLE_DEBUG_INFO = NO;
				MTL_FAST_MATH = YES;
				SDKROOT = iphoneos;
				VALIDATE_PRODUCT = YES;
			};
			name = Release;
		};
		752ADFB22A41717E004260FC /* Debug */ = {
			isa = XCBuildConfiguration;
			baseConfigurationReference = E826C5E847E4A1E6E01AE0F8 /* Pods-Lark-Wechat.debug.xcconfig */;
			buildSettings = {
				ASSETCATALOG_COMPILER_APPICON_NAME = AppIcon;
				ASSETCATALOG_COMPILER_GLOBAL_ACCENT_COLOR_NAME = AccentColor;
				CODE_SIGN_STYLE = Automatic;
				CURRENT_PROJECT_VERSION = 1;
				GENERATE_INFOPLIST_FILE = YES;
				INFOPLIST_FILE = "Lark-Wechat/Info.plist";
				INFOPLIST_KEY_UIApplicationSupportsIndirectInputEvents = YES;
				INFOPLIST_KEY_UILaunchStoryboardName = LaunchScreen;
				INFOPLIST_KEY_UIMainStoryboardFile = "";
				INFOPLIST_KEY_UISupportedInterfaceOrientations_iPad = "UIInterfaceOrientationPortrait UIInterfaceOrientationPortraitUpsideDown UIInterfaceOrientationLandscapeLeft UIInterfaceOrientationLandscapeRight";
				INFOPLIST_KEY_UISupportedInterfaceOrientations_iPhone = "UIInterfaceOrientationPortrait UIInterfaceOrientationLandscapeLeft UIInterfaceOrientationLandscapeRight";
				LD_RUNPATH_SEARCH_PATHS = (
					"$(inherited)",
					"@executable_path/Frameworks",
				);
				MARKETING_VERSION = 1.0;
				PRODUCT_BUNDLE_IDENTIFIER = "Max-Xu.Lark-Wechat";
				PRODUCT_NAME = "$(TARGET_NAME)";
				SWIFT_EMIT_LOC_STRINGS = YES;
				TARGETED_DEVICE_FAMILY = "1,2";
			};
			name = Debug;
		};
		752ADFB32A41717E004260FC /* Release */ = {
			isa = XCBuildConfiguration;
			baseConfigurationReference = C14704EF2ECD27CB18D338E0 /* Pods-Lark-Wechat.release.xcconfig */;
			buildSettings = {
				ASSETCATALOG_COMPILER_APPICON_NAME = AppIcon;
				ASSETCATALOG_COMPILER_GLOBAL_ACCENT_COLOR_NAME = AccentColor;
				CODE_SIGN_STYLE = Automatic;
				CURRENT_PROJECT_VERSION = 1;
				GENERATE_INFOPLIST_FILE = YES;
				INFOPLIST_FILE = "Lark-Wechat/Info.plist";
				INFOPLIST_KEY_UIApplicationSupportsIndirectInputEvents = YES;
				INFOPLIST_KEY_UILaunchStoryboardName = LaunchScreen;
				INFOPLIST_KEY_UIMainStoryboardFile = "";
				INFOPLIST_KEY_UISupportedInterfaceOrientations_iPad = "UIInterfaceOrientationPortrait UIInterfaceOrientationPortraitUpsideDown UIInterfaceOrientationLandscapeLeft UIInterfaceOrientationLandscapeRight";
				INFOPLIST_KEY_UISupportedInterfaceOrientations_iPhone = "UIInterfaceOrientationPortrait UIInterfaceOrientationLandscapeLeft UIInterfaceOrientationLandscapeRight";
				LD_RUNPATH_SEARCH_PATHS = (
					"$(inherited)",
					"@executable_path/Frameworks",
				);
				MARKETING_VERSION = 1.0;
				PRODUCT_BUNDLE_IDENTIFIER = "Max-Xu.Lark-Wechat";
				PRODUCT_NAME = "$(TARGET_NAME)";
				SWIFT_EMIT_LOC_STRINGS = YES;
				TARGETED_DEVICE_FAMILY = "1,2";
			};
			name = Release;
		};
/* End XCBuildConfiguration section */

/* Begin XCConfigurationList section */
		752ADF932A41717C004260FC /* Build configuration list for PBXProject "Lark-Wechat" */ = {
			isa = XCConfigurationList;
			buildConfigurations = (
				752ADFAF2A41717E004260FC /* Debug */,
				752ADFB02A41717E004260FC /* Release */,
			);
			defaultConfigurationIsVisible = 0;
			defaultConfigurationName = Release;
		};
		752ADFB12A41717E004260FC /* Build configuration list for PBXNativeTarget "Lark-Wechat" */ = {
			isa = XCConfigurationList;
			buildConfigurations = (
				752ADFB22A41717E004260FC /* Debug */,
				752ADFB32A41717E004260FC /* Release */,
			);
			defaultConfigurationIsVisible = 0;
			defaultConfigurationName = Release;
		};
/* End XCConfigurationList section */
	};
	rootObject = 752ADF902A41717C004260FC /* Project object */;
}
